
Microsoft Visual Studio Solution File, Format Version 12.00
# Visual Studio 2017
Project("{FAE04EC0-301F-11D3-BF4B-00C04F79EFBC}") = "Waypoint-Tactics", "Waypoint-Tactics.csproj", "{DAD90A5D-AD8D-D98E-F004-FADB29636010}"
EndProject
Project("{FAE04EC0-301F-11D3-BF4B-00C04F79EFBC}") = "Waypoint-Tactics.Plugins", "Waypoint-Tactics.Plugins.csproj", "{46DE1A91-C37B-69EB-0576-B721A7A5E112}"
EndProject
Global
	GlobalSection(SolutionConfigurationPlatforms) = preSolution
		Debug|Any CPU = Debug|Any CPU
		Release|Any CPU = Release|Any CPU
	EndGlobalSection
	GlobalSection(ProjectConfigurationPlatforms) = postSolution
		{DAD90A5D-AD8D-D98E-F004-FADB29636010}.Debug|Any CPU.ActiveCfg = Debug|Any CPU
		{DAD90A5D-AD8D-D98E-F004-FADB29636010}.Debug|Any CPU.Build.0 = Debug|Any CPU
		{DAD90A5D-AD8D-D98E-F004-FADB29636010}.Release|Any CPU.ActiveCfg = Release|Any CPU
		{DAD90A5D-AD8D-D98E-F004-FADB29636010}.Release|Any CPU.Build.0 = Release|Any CPU
		{46DE1A91-C37B-69EB-0576-B721A7A5E112}.Debug|Any CPU.ActiveCfg = Debug|Any CPU
		{46DE1A91-C37B-69EB-0576-B721A7A5E112}.Debug|Any CPU.Build.0 = Debug|Any CPU
		{46DE1A91-C37B-69EB-0576-B721A7A5E112}.Release|Any CPU.ActiveCfg = Release|Any CPU
		{46DE1A91-C37B-69EB-0576-B721A7A5E112}.Release|Any CPU.Build.0 = Release|Any CPU
	EndGlobalSection
	GlobalSection(SolutionProperties) = preSolution
		HideSolutionNode = FALSE
	EndGlobalSection
EndGlobal
